
Microsoft Visual Studio Solution File, Format Version 12.00
# Visual Studio Version 16
VisualStudioVersion = 16.0.30907.101
MinimumVisualStudioVersion = 10.0.40219.1
Project("{FAE04EC0-301F-11D3-BF4B-00C04F79EFBC}") = "go-tabletennis", "go-tabletennis.csproj", "{8E3B1709-8C6C-42CA-8508-3283E159399F}"
EndProject
Global
	GlobalSection(SolutionConfigurationPlatforms) = preSolution
		Debug|Any CPU = Debug|Any CPU
		Release|Any CPU = Release|Any CPU
	EndGlobalSection
	GlobalSection(ProjectConfigurationPlatforms) = postSolution
		{8E3B1709-8C6C-42CA-8508-3283E159399F}.Debug|Any CPU.ActiveCfg = Debug|Any CPU
		{8E3B1709-8C6C-42CA-8508-3283E159399F}.Debug|Any CPU.Build.0 = Debug|Any CPU
		{8E3B1709-8C6C-42CA-8508-3283E159399F}.Release|Any CPU.ActiveCfg = Release|Any CPU
		{8E3B1709-8C6C-42CA-8508-3283E159399F}.Release|Any CPU.Build.0 = Release|Any CPU
	EndGlobalSection
	GlobalSection(SolutionProperties) = preSolution
		HideSolutionNode = FALSE
	EndGlobalSection
	GlobalSection(ExtensibilityGlobals) = postSolution
		SolutionGuid = {7AFD16FE-6619-459E-BCAB-0FA8C1740E0A}
	EndGlobalSection
EndGlobal
